
Microsoft Visual Studio Solution File, Format Version 12.00
# Visual Studio 14
VisualStudioVersion = 14.0.25420.1
MinimumVisualStudioVersion = 10.0.40219.1
Project("{2150E333-8FDC-42A3-9474-1A3956D46DE8}") = "src", "src", "{0C0EA45E-C765-4D41-A1DA-EDDC8F239A5B}"
EndProject
Project("{2150E333-8FDC-42A3-9474-1A3956D46DE8}") = "Solution Items", "Solution Items", "{312DDEFA-6800-4297-9B38-0C458BB28FED}"
	ProjectSection(SolutionItems) = preProject
		global.json = global.json
		LICENSE.md = LICENSE.md
		README.md = README.md
	EndProjectSection
EndProject
Project("{8BB2217D-0F2D-49D1-97BC-3654ED321F3B}") = "EFSecondLevelCache.Core", "src\EFSecondLevelCache.Core\EFSecondLevelCache.Core.xproj", "{755D6A18-E67A-4E14-8289-BD33A901C52B}"
EndProject
Project("{8BB2217D-0F2D-49D1-97BC-3654ED321F3B}") = "EFSecondLevelCache.Core.Tests", "src\Tests\EFSecondLevelCache.Core.Tests\EFSecondLevelCache.Core.Tests.xproj", "{5475D985-85D6-4DD2-899E-8E8B333B0070}"
EndProject
Project("{8BB2217D-0F2D-49D1-97BC-3654ED321F3B}") = "EFSecondLevelCache.Core.AspNetCoreSample", "src\Tests\EFSecondLevelCache.Core.AspNetCoreSample\EFSecondLevelCache.Core.AspNetCoreSample.xproj", "{EB8B44EC-D677-47B3-8A72-3E340BFDF0DE}"
EndProject
Global
	GlobalSection(SolutionConfigurationPlatforms) = preSolution
		Debug|Any CPU = Debug|Any CPU
		Release|Any CPU = Release|Any CPU
	EndGlobalSection
	GlobalSection(ProjectConfigurationPlatforms) = postSolution
		{755D6A18-E67A-4E14-8289-BD33A901C52B}.Debug|Any CPU.ActiveCfg = Debug|Any CPU
		{755D6A18-E67A-4E14-8289-BD33A901C52B}.Debug|Any CPU.Build.0 = Debug|Any CPU
		{755D6A18-E67A-4E14-8289-BD33A901C52B}.Release|Any CPU.ActiveCfg = Release|Any CPU
		{755D6A18-E67A-4E14-8289-BD33A901C52B}.Release|Any CPU.Build.0 = Release|Any CPU
		{5475D985-85D6-4DD2-899E-8E8B333B0070}.Debug|Any CPU.ActiveCfg = Debug|Any CPU
		{5475D985-85D6-4DD2-899E-8E8B333B0070}.Debug|Any CPU.Build.0 = Debug|Any CPU
		{5475D985-85D6-4DD2-899E-8E8B333B0070}.Release|Any CPU.ActiveCfg = Release|Any CPU
		{5475D985-85D6-4DD2-899E-8E8B333B0070}.Release|Any CPU.Build.0 = Release|Any CPU
		{EB8B44EC-D677-47B3-8A72-3E340BFDF0DE}.Debug|Any CPU.ActiveCfg = Debug|Any CPU
		{EB8B44EC-D677-47B3-8A72-3E340BFDF0DE}.Debug|Any CPU.Build.0 = Debug|Any CPU
		{EB8B44EC-D677-47B3-8A72-3E340BFDF0DE}.Release|Any CPU.ActiveCfg = Release|Any CPU
		{EB8B44EC-D677-47B3-8A72-3E340BFDF0DE}.Release|Any CPU.Build.0 = Release|Any CPU
	EndGlobalSection
	GlobalSection(SolutionProperties) = preSolution
		HideSolutionNode = FALSE
	EndGlobalSection
	GlobalSection(NestedProjects) = preSolution
		{755D6A18-E67A-4E14-8289-BD33A901C52B} = {0C0EA45E-C765-4D41-A1DA-EDDC8F239A5B}
		{5475D985-85D6-4DD2-899E-8E8B333B0070} = {0C0EA45E-C765-4D41-A1DA-EDDC8F239A5B}
		{EB8B44EC-D677-47B3-8A72-3E340BFDF0DE} = {0C0EA45E-C765-4D41-A1DA-EDDC8F239A5B}
	EndGlobalSection
EndGlobal
